
Microsoft Visual Studio Solution File, Format Version 12.00
# Visual Studio Version 17
VisualStudioVersion = 17.13.35825.156
MinimumVisualStudioVersion = 10.0.40219.1
Project("{FAE04EC0-301F-11D3-BF4B-00C04F79EFBC}") = "Exercicio01", "Exercicio01\Exercicio01.csproj", "{EBA2D5EC-0107-46F6-8A91-C48E0D70DAFE}"
EndProject
Project("{FAE04EC0-301F-11D3-BF4B-00C04F79EFBC}") = "Exercicio02", "Exercicio02\Exercicio02.csproj", "{7192E154-9AB1-4C3E-ABB0-5498667C3849}"
EndProject
Project("{FAE04EC0-301F-11D3-BF4B-00C04F79EFBC}") = "Exercicio03", "Exercicio03\Exercicio03.csproj", "{037D56D3-0134-4A7F-ACC1-0F8725971BC6}"
EndProject
Project("{FAE04EC0-301F-11D3-BF4B-00C04F79EFBC}") = "Exercicio04", "Exercicio04\Exercicio04.csproj", "{56D35F1F-1FFD-41CA-AE8F-39F931FDEFE6}"
EndProject
Project("{FAE04EC0-301F-11D3-BF4B-00C04F79EFBC}") = "Exercicio05", "Exercicio05\Exercicio05.csproj", "{0F4E226E-492B-4AE1-B218-E7B160A86DC1}"
EndProject
Project("{FAE04EC0-301F-11D3-BF4B-00C04F79EFBC}") = "Exercicio06", "Exercicio06\Exercicio06.csproj", "{7A40A77B-98E5-470B-AC34-071F08B8A963}"
EndProject
Project("{FAE04EC0-301F-11D3-BF4B-00C04F79EFBC}") = "Exercicio07", "Exercicio07\Exercicio07.csproj", "{F8858AF2-C30C-40A7-B95B-B1A66D2D80AF}"
EndProject
Project("{FAE04EC0-301F-11D3-BF4B-00C04F79EFBC}") = "Exercicio09", "Exercicio09\Exercicio09.csproj", "{B785A6F7-9894-4939-80B2-68865624855B}"
EndProject
Project("{FAE04EC0-301F-11D3-BF4B-00C04F79EFBC}") = "Exercicio10", "Exercicio10\Exercicio10.csproj", "{726420EC-2443-46BC-94ED-DC74A748489D}"
EndProject
Project("{FAE04EC0-301F-11D3-BF4B-00C04F79EFBC}") = "Exercicio11", "Exercicio11\Exercicio11.csproj", "{D0B28C60-4A2F-4208-BE44-9190F8642CEB}"
EndProject
Project("{FAE04EC0-301F-11D3-BF4B-00C04F79EFBC}") = "Exercicio12", "Exercicio12\Exercicio12.csproj", "{2D6FF7D1-04E2-48C1-B038-29A94FE7B4D5}"
EndProject
Project("{FAE04EC0-301F-11D3-BF4B-00C04F79EFBC}") = "Exercicio13", "Exercicio13\Exercicio13.csproj", "{8B8260BF-7B6C-4851-8EA3-5BBE4C5EFBB3}"
EndProject
Project("{FAE04EC0-301F-11D3-BF4B-00C04F79EFBC}") = "Exercicio08", "Exercicio08\Exercicio08.csproj", "{F7E57183-0F5A-3D86-0DCC-A4EAD8F2100E}"
EndProject
Project("{FAE04EC0-301F-11D3-BF4B-00C04F79EFBC}") = "Exercicio14", "Exercicio14\Exercicio14.csproj", "{1B1EA8CA-1585-47AE-AB19-06FA64272135}"
EndProject
Project("{FAE04EC0-301F-11D3-BF4B-00C04F79EFBC}") = "Exercicio15", "Exercicio15\Exercicio15.csproj", "{29A8AC8A-0174-447A-AAAF-8D81DE2729A7}"
EndProject
Project("{FAE04EC0-301F-11D3-BF4B-00C04F79EFBC}") = "Exercicio16", "Exercicio16\Exercicio16.csproj", "{3825D3EA-E507-4DDC-B084-3AAE6764A226}"
EndProject
Project("{FAE04EC0-301F-11D3-BF4B-00C04F79EFBC}") = "Exercicio17", "Exercicio17\Exercicio17.csproj", "{23122470-ACBB-45CA-8715-73125B2B1CF7}"
EndProject
Project("{FAE04EC0-301F-11D3-BF4B-00C04F79EFBC}") = "Exercicio18", "Exercicio18\Exercicio18.csproj", "{B0BBA06C-7824-4C3C-9316-94F8C2644077}"
EndProject
Project("{FAE04EC0-301F-11D3-BF4B-00C04F79EFBC}") = "Exercicio19", "Exercicio19\Exercicio19.csproj", "{2537604F-513F-4172-AD27-A13EACCEBB3F}"
EndProject
Project("{FAE04EC0-301F-11D3-BF4B-00C04F79EFBC}") = "Exercicio20", "Exercicio20\Exercicio20.csproj", "{03C6F082-6F9F-462B-AAC8-C06FDCE10DF8}"
EndProject
Project("{FAE04EC0-301F-11D3-BF4B-00C04F79EFBC}") = "Exercicio21", "Exercicio21\Exercicio21.csproj", "{9FC7E6B5-8618-4CBC-8726-FD48FA834ECF}"
EndProject
Project("{FAE04EC0-301F-11D3-BF4B-00C04F79EFBC}") = "Exercicio22", "Exercicio22\Exercicio22.csproj", "{FC282EF5-B28E-4765-BF9B-8158F2A4BAA7}"
EndProject
Project("{FAE04EC0-301F-11D3-BF4B-00C04F79EFBC}") = "Exercicio23", "Exercicio23\Exercicio23.csproj", "{D708AC22-BFAD-42FD-8430-98E4300B4977}"
EndProject
Global
	GlobalSection(SolutionConfigurationPlatforms) = preSolution
		Debug|Any CPU = Debug|Any CPU
		Release|Any CPU = Release|Any CPU
	EndGlobalSection
	GlobalSection(ProjectConfigurationPlatforms) = postSolution
		{EBA2D5EC-0107-46F6-8A91-C48E0D70DAFE}.Debug|Any CPU.ActiveCfg = Debug|Any CPU
		{EBA2D5EC-0107-46F6-8A91-C48E0D70DAFE}.Debug|Any CPU.Build.0 = Debug|Any CPU
		{EBA2D5EC-0107-46F6-8A91-C48E0D70DAFE}.Release|Any CPU.ActiveCfg = Release|Any CPU
		{EBA2D5EC-0107-46F6-8A91-C48E0D70DAFE}.Release|Any CPU.Build.0 = Release|Any CPU
		{7192E154-9AB1-4C3E-ABB0-5498667C3849}.Debug|Any CPU.ActiveCfg = Debug|Any CPU
		{7192E154-9AB1-4C3E-ABB0-5498667C3849}.Debug|Any CPU.Build.0 = Debug|Any CPU
		{7192E154-9AB1-4C3E-ABB0-5498667C3849}.Release|Any CPU.ActiveCfg = Release|Any CPU
		{7192E154-9AB1-4C3E-ABB0-5498667C3849}.Release|Any CPU.Build.0 = Release|Any CPU
		{037D56D3-0134-4A7F-ACC1-0F8725971BC6}.Debug|Any CPU.ActiveCfg = Debug|Any CPU
		{037D56D3-0134-4A7F-ACC1-0F8725971BC6}.Debug|Any CPU.Build.0 = Debug|Any CPU
		{037D56D3-0134-4A7F-ACC1-0F8725971BC6}.Release|Any CPU.ActiveCfg = Release|Any CPU
		{037D56D3-0134-4A7F-ACC1-0F8725971BC6}.Release|Any CPU.Build.0 = Release|Any CPU
		{56D35F1F-1FFD-41CA-AE8F-39F931FDEFE6}.Debug|Any CPU.ActiveCfg = Debug|Any CPU
		{56D35F1F-1FFD-41CA-AE8F-39F931FDEFE6}.Debug|Any CPU.Build.0 = Debug|Any CPU
		{56D35F1F-1FFD-41CA-AE8F-39F931FDEFE6}.Release|Any CPU.ActiveCfg = Release|Any CPU
		{56D35F1F-1FFD-41CA-AE8F-39F931FDEFE6}.Release|Any CPU.Build.0 = Release|Any CPU
		{0F4E226E-492B-4AE1-B218-E7B160A86DC1}.Debug|Any CPU.ActiveCfg = Debug|Any CPU
		{0F4E226E-492B-4AE1-B218-E7B160A86DC1}.Debug|Any CPU.Build.0 = Debug|Any CPU
		{0F4E226E-492B-4AE1-B218-E7B160A86DC1}.Release|Any CPU.ActiveCfg = Release|Any CPU
		{0F4E226E-492B-4AE1-B218-E7B160A86DC1}.Release|Any CPU.Build.0 = Release|Any CPU
		{7A40A77B-98E5-470B-AC34-071F08B8A963}.Debug|Any CPU.ActiveCfg = Debug|Any CPU
		{7A40A77B-98E5-470B-AC34-071F08B8A963}.Debug|Any CPU.Build.0 = Debug|Any CPU
		{7A40A77B-98E5-470B-AC34-071F08B8A963}.Release|Any CPU.ActiveCfg = Release|Any CPU
		{7A40A77B-98E5-470B-AC34-071F08B8A963}.Release|Any CPU.Build.0 = Release|Any CPU
		{F8858AF2-C30C-40A7-B95B-B1A66D2D80AF}.Debug|Any CPU.ActiveCfg = Debug|Any CPU
		{F8858AF2-C30C-40A7-B95B-B1A66D2D80AF}.Debug|Any CPU.Build.0 = Debug|Any CPU
		{F8858AF2-C30C-40A7-B95B-B1A66D2D80AF}.Release|Any CPU.ActiveCfg = Release|Any CPU
		{F8858AF2-C30C-40A7-B95B-B1A66D2D80AF}.Release|Any CPU.Build.0 = Release|Any CPU
		{B785A6F7-9894-4939-80B2-68865624855B}.Debug|Any CPU.ActiveCfg = Debug|Any CPU
		{B785A6F7-9894-4939-80B2-68865624855B}.Debug|Any CPU.Build.0 = Debug|Any CPU
		{B785A6F7-9894-4939-80B2-68865624855B}.Release|Any CPU.ActiveCfg = Release|Any CPU
		{B785A6F7-9894-4939-80B2-68865624855B}.Release|Any CPU.Build.0 = Release|Any CPU
		{726420EC-2443-46BC-94ED-DC74A748489D}.Debug|Any CPU.ActiveCfg = Debug|Any CPU
		{726420EC-2443-46BC-94ED-DC74A748489D}.Debug|Any CPU.Build.0 = Debug|Any CPU
		{726420EC-2443-46BC-94ED-DC74A748489D}.Release|Any CPU.ActiveCfg = Release|Any CPU
		{726420EC-2443-46BC-94ED-DC74A748489D}.Release|Any CPU.Build.0 = Release|Any CPU
		{D0B28C60-4A2F-4208-BE44-9190F8642CEB}.Debug|Any CPU.ActiveCfg = Debug|Any CPU
		{D0B28C60-4A2F-4208-BE44-9190F8642CEB}.Debug|Any CPU.Build.0 = Debug|Any CPU
		{D0B28C60-4A2F-4208-BE44-9190F8642CEB}.Release|Any CPU.ActiveCfg = Release|Any CPU
		{D0B28C60-4A2F-4208-BE44-9190F8642CEB}.Release|Any CPU.Build.0 = Release|Any CPU
		{2D6FF7D1-04E2-48C1-B038-29A94FE7B4D5}.Debug|Any CPU.ActiveCfg = Debug|Any CPU
		{2D6FF7D1-04E2-48C1-B038-29A94FE7B4D5}.Debug|Any CPU.Build.0 = Debug|Any CPU
		{2D6FF7D1-04E2-48C1-B038-29A94FE7B4D5}.Release|Any CPU.ActiveCfg = Release|Any CPU
		{2D6FF7D1-04E2-48C1-B038-29A94FE7B4D5}.Release|Any CPU.Build.0 = Release|Any CPU
		{8B8260BF-7B6C-4851-8EA3-5BBE4C5EFBB3}.Debug|Any CPU.ActiveCfg = Debug|Any CPU
		{8B8260BF-7B6C-4851-8EA3-5BBE4C5EFBB3}.Debug|Any CPU.Build.0 = Debug|Any CPU
		{8B8260BF-7B6C-4851-8EA3-5BBE4C5EFBB3}.Release|Any CPU.ActiveCfg = Release|Any CPU
		{8B8260BF-7B6C-4851-8EA3-5BBE4C5EFBB3}.Release|Any CPU.Build.0 = Release|Any CPU
		{F7E57183-0F5A-3D86-0DCC-A4EAD8F2100E}.Debug|Any CPU.ActiveCfg = Debug|Any CPU
		{F7E57183-0F5A-3D86-0DCC-A4EAD8F2100E}.Debug|Any CPU.Build.0 = Debug|Any CPU
		{F7E57183-0F5A-3D86-0DCC-A4EAD8F2100E}.Release|Any CPU.ActiveCfg = Release|Any CPU
		{F7E57183-0F5A-3D86-0DCC-A4EAD8F2100E}.Release|Any CPU.Build.0 = Release|Any CPU
		{1B1EA8CA-1585-47AE-AB19-06FA64272135}.Debug|Any CPU.ActiveCfg = Debug|Any CPU
		{1B1EA8CA-1585-47AE-AB19-06FA64272135}.Debug|Any CPU.Build.0 = Debug|Any CPU
		{1B1EA8CA-1585-47AE-AB19-06FA64272135}.Release|Any CPU.ActiveCfg = Release|Any CPU
		{1B1EA8CA-1585-47AE-AB19-06FA64272135}.Release|Any CPU.Build.0 = Release|Any CPU
		{29A8AC8A-0174-447A-AAAF-8D81DE2729A7}.Debug|Any CPU.ActiveCfg = Debug|Any CPU
		{29A8AC8A-0174-447A-AAAF-8D81DE2729A7}.Debug|Any CPU.Build.0 = Debug|Any CPU
		{29A8AC8A-0174-447A-AAAF-8D81DE2729A7}.Release|Any CPU.ActiveCfg = Release|Any CPU
		{29A8AC8A-0174-447A-AAAF-8D81DE2729A7}.Release|Any CPU.Build.0 = Release|Any CPU
		{3825D3EA-E507-4DDC-B084-3AAE6764A226}.Debug|Any CPU.ActiveCfg = Debug|Any CPU
		{3825D3EA-E507-4DDC-B084-3AAE6764A226}.Debug|Any CPU.Build.0 = Debug|Any CPU
		{3825D3EA-E507-4DDC-B084-3AAE6764A226}.Release|Any CPU.ActiveCfg = Release|Any CPU
		{3825D3EA-E507-4DDC-B084-3AAE6764A226}.Release|Any CPU.Build.0 = Release|Any CPU
		{23122470-ACBB-45CA-8715-73125B2B1CF7}.Debug|Any CPU.ActiveCfg = Debug|Any CPU
		{23122470-ACBB-45CA-8715-73125B2B1CF7}.Debug|Any CPU.Build.0 = Debug|Any CPU
		{23122470-ACBB-45CA-8715-73125B2B1CF7}.Release|Any CPU.ActiveCfg = Release|Any CPU
		{23122470-ACBB-45CA-8715-73125B2B1CF7}.Release|Any CPU.Build.0 = Release|Any CPU
		{B0BBA06C-7824-4C3C-9316-94F8C2644077}.Debug|Any CPU.ActiveCfg = Debug|Any CPU
		{B0BBA06C-7824-4C3C-9316-94F8C2644077}.Debug|Any CPU.Build.0 = Debug|Any CPU
		{B0BBA06C-7824-4C3C-9316-94F8C2644077}.Release|Any CPU.ActiveCfg = Release|Any CPU
		{B0BBA06C-7824-4C3C-9316-94F8C2644077}.Release|Any CPU.Build.0 = Release|Any CPU
		{2537604F-513F-4172-AD27-A13EACCEBB3F}.Debug|Any CPU.ActiveCfg = Debug|Any CPU
		{2537604F-513F-4172-AD27-A13EACCEBB3F}.Debug|Any CPU.Build.0 = Debug|Any CPU
		{2537604F-513F-4172-AD27-A13EACCEBB3F}.Release|Any CPU.ActiveCfg = Release|Any CPU
		{2537604F-513F-4172-AD27-A13EACCEBB3F}.Release|Any CPU.Build.0 = Release|Any CPU
		{03C6F082-6F9F-462B-AAC8-C06FDCE10DF8}.Debug|Any CPU.ActiveCfg = Debug|Any CPU
		{03C6F082-6F9F-462B-AAC8-C06FDCE10DF8}.Debug|Any CPU.Build.0 = Debug|Any CPU
		{03C6F082-6F9F-462B-AAC8-C06FDCE10DF8}.Release|Any CPU.ActiveCfg = Release|Any CPU
		{03C6F082-6F9F-462B-AAC8-C06FDCE10DF8}.Release|Any CPU.Build.0 = Release|Any CPU
		{9FC7E6B5-8618-4CBC-8726-FD48FA834ECF}.Debug|Any CPU.ActiveCfg = Debug|Any CPU
		{9FC7E6B5-8618-4CBC-8726-FD48FA834ECF}.Debug|Any CPU.Build.0 = Debug|Any CPU
		{9FC7E6B5-8618-4CBC-8726-FD48FA834ECF}.Release|Any CPU.ActiveCfg = Release|Any CPU
		{9FC7E6B5-8618-4CBC-8726-FD48FA834ECF}.Release|Any CPU.Build.0 = Release|Any CPU
		{FC282EF5-B28E-4765-BF9B-8158F2A4BAA7}.Debug|Any CPU.ActiveCfg = Debug|Any CPU
		{FC282EF5-B28E-4765-BF9B-8158F2A4BAA7}.Debug|Any CPU.Build.0 = Debug|Any CPU
		{FC282EF5-B28E-4765-BF9B-8158F2A4BAA7}.Release|Any CPU.ActiveCfg = Release|Any CPU
		{FC282EF5-B28E-4765-BF9B-8158F2A4BAA7}.Release|Any CPU.Build.0 = Release|Any CPU
		{D708AC22-BFAD-42FD-8430-98E4300B4977}.Debug|Any CPU.ActiveCfg = Debug|Any CPU
		{D708AC22-BFAD-42FD-8430-98E4300B4977}.Debug|Any CPU.Build.0 = Debug|Any CPU
		{D708AC22-BFAD-42FD-8430-98E4300B4977}.Release|Any CPU.ActiveCfg = Release|Any CPU
		{D708AC22-BFAD-42FD-8430-98E4300B4977}.Release|Any CPU.Build.0 = Release|Any CPU
	EndGlobalSection
	GlobalSection(SolutionProperties) = preSolution
		HideSolutionNode = FALSE
	EndGlobalSection
	GlobalSection(ExtensibilityGlobals) = postSolution
		SolutionGuid = {C345249F-1C80-4202-8025-59FAECFF5713}
	EndGlobalSection
EndGlobal
